
Microsoft Visual Studio Solution File, Format Version 12.00
# Visual Studio Version 16
VisualStudioVersion = 16.0.31702.278
MinimumVisualStudioVersion = 10.0.40219.1
Project("{FAE04EC0-301F-11D3-BF4B-00C04F79EFBC}") = "Magazin.Android", "Magazin\Magazin.Android\Magazin.Android.csproj", "{5559788B-4BED-4129-A788-729937367A5B}"
EndProject
Project("{FAE04EC0-301F-11D3-BF4B-00C04F79EFBC}") = "Magazin", "Magazin\Magazin\Magazin.csproj", "{41E51EB8-9559-429D-8702-516130365A3F}"
EndProject
Global
	GlobalSection(SolutionConfigurationPlatforms) = preSolution
		Debug|Any CPU = Debug|Any CPU
		Debug|iPhone = Debug|iPhone
		Debug|iPhoneSimulator = Debug|iPhoneSimulator
		Release|Any CPU = Release|Any CPU
		Release|iPhone = Release|iPhone
		Release|iPhoneSimulator = Release|iPhoneSimulator
	EndGlobalSection
	GlobalSection(ProjectConfigurationPlatforms) = postSolution
		{5559788B-4BED-4129-A788-729937367A5B}.Debug|Any CPU.ActiveCfg = Debug|Any CPU
		{5559788B-4BED-4129-A788-729937367A5B}.Debug|Any CPU.Build.0 = Debug|Any CPU
		{5559788B-4BED-4129-A788-729937367A5B}.Debug|Any CPU.Deploy.0 = Debug|Any CPU
		{5559788B-4BED-4129-A788-729937367A5B}.Debug|iPhone.ActiveCfg = Debug|Any CPU
		{5559788B-4BED-4129-A788-729937367A5B}.Debug|iPhone.Build.0 = Debug|Any CPU
		{5559788B-4BED-4129-A788-729937367A5B}.Debug|iPhone.Deploy.0 = Debug|Any CPU
		{5559788B-4BED-4129-A788-729937367A5B}.Debug|iPhoneSimulator.ActiveCfg = Debug|Any CPU
		{5559788B-4BED-4129-A788-729937367A5B}.Debug|iPhoneSimulator.Build.0 = Debug|Any CPU
		{5559788B-4BED-4129-A788-729937367A5B}.Debug|iPhoneSimulator.Deploy.0 = Debug|Any CPU
		{5559788B-4BED-4129-A788-729937367A5B}.Release|Any CPU.ActiveCfg = Release|Any CPU
		{5559788B-4BED-4129-A788-729937367A5B}.Release|Any CPU.Build.0 = Release|Any CPU
		{5559788B-4BED-4129-A788-729937367A5B}.Release|Any CPU.Deploy.0 = Release|Any CPU
		{5559788B-4BED-4129-A788-729937367A5B}.Release|iPhone.ActiveCfg = Release|Any CPU
		{5559788B-4BED-4129-A788-729937367A5B}.Release|iPhone.Build.0 = Release|Any CPU
		{5559788B-4BED-4129-A788-729937367A5B}.Release|iPhone.Deploy.0 = Release|Any CPU
		{5559788B-4BED-4129-A788-729937367A5B}.Release|iPhoneSimulator.ActiveCfg = Release|Any CPU
		{5559788B-4BED-4129-A788-729937367A5B}.Release|iPhoneSimulator.Build.0 = Release|Any CPU
		{5559788B-4BED-4129-A788-729937367A5B}.Release|iPhoneSimulator.Deploy.0 = Release|Any CPU
		{41E51EB8-9559-429D-8702-516130365A3F}.Debug|Any CPU.ActiveCfg = Debug|Any CPU
		{41E51EB8-9559-429D-8702-516130365A3F}.Debug|Any CPU.Build.0 = Debug|Any CPU
		{41E51EB8-9559-429D-8702-516130365A3F}.Debug|Any CPU.Deploy.0 = Debug|Any CPU
		{41E51EB8-9559-429D-8702-516130365A3F}.Debug|iPhone.ActiveCfg = Debug|Any CPU
		{41E51EB8-9559-429D-8702-516130365A3F}.Debug|iPhone.Build.0 = Debug|Any CPU
		{41E51EB8-9559-429D-8702-516130365A3F}.Debug|iPhone.Deploy.0 = Debug|Any CPU
		{41E51EB8-9559-429D-8702-516130365A3F}.Debug|iPhoneSimulator.ActiveCfg = Debug|Any CPU
		{41E51EB8-9559-429D-8702-516130365A3F}.Debug|iPhoneSimulator.Build.0 = Debug|Any CPU
		{41E51EB8-9559-429D-8702-516130365A3F}.Debug|iPhoneSimulator.Deploy.0 = Debug|Any CPU
		{41E51EB8-9559-429D-8702-516130365A3F}.Release|Any CPU.ActiveCfg = Release|Any CPU
		{41E51EB8-9559-429D-8702-516130365A3F}.Release|Any CPU.Build.0 = Release|Any CPU
		{41E51EB8-9559-429D-8702-516130365A3F}.Release|Any CPU.Deploy.0 = Release|Any CPU
		{41E51EB8-9559-429D-8702-516130365A3F}.Release|iPhone.ActiveCfg = Release|Any CPU
		{41E51EB8-9559-429D-8702-516130365A3F}.Release|iPhone.Build.0 = Release|Any CPU
		{41E51EB8-9559-429D-8702-516130365A3F}.Release|iPhone.Deploy.0 = Release|Any CPU
		{41E51EB8-9559-429D-8702-516130365A3F}.Release|iPhoneSimulator.ActiveCfg = Release|Any CPU
		{41E51EB8-9559-429D-8702-516130365A3F}.Release|iPhoneSimulator.Build.0 = Release|Any CPU
		{41E51EB8-9559-429D-8702-516130365A3F}.Release|iPhoneSimulator.Deploy.0 = Release|Any CPU
	EndGlobalSection
	GlobalSection(SolutionProperties) = preSolution
		HideSolutionNode = FALSE
	EndGlobalSection
	GlobalSection(ExtensibilityGlobals) = postSolution
		SolutionGuid = {6251F02E-1705-4F87-ABB5-DBD63EC5A8BC}
	EndGlobalSection
EndGlobal
